
Microsoft Visual Studio Solution File, Format Version 12.00
# Visual Studio 2012
Project("{8BC9CEB8-8B4A-11D0-8D11-00A0C91BC942}") = "PiSrv", "PiSrv\PiSrv.vcxproj", "{F1ADDA58-E832-4A3A-BDB4-EC6DD70ECE0C}"
EndProject
Global
	GlobalSection(SolutionConfigurationPlatforms) = preSolution
		Debug|Win32 = Debug|Win32
		Release|Win32 = Release|Win32
	EndGlobalSection
	GlobalSection(ProjectConfigurationPlatforms) = postSolution
		{F1ADDA58-E832-4A3A-BDB4-EC6DD70ECE0C}.Debug|Win32.ActiveCfg = Debug|Win32
		{F1ADDA58-E832-4A3A-BDB4-EC6DD70ECE0C}.Debug|Win32.Build.0 = Debug|Win32
		{F1ADDA58-E832-4A3A-BDB4-EC6DD70ECE0C}.Release|Win32.ActiveCfg = Release|Win32
		{F1ADDA58-E832-4A3A-BDB4-EC6DD70ECE0C}.Release|Win32.Build.0 = Release|Win32
	EndGlobalSection
	GlobalSection(SolutionProperties) = preSolution
		HideSolutionNode = FALSE
	EndGlobalSection
EndGlobal
